// !$*UTF8*$!
{
	archiveVersion = 1;
	classes = {
	};
	objectVersion = 55;
	objects = {

/* Begin PBXBuildFile section */
		57531119286E10AE0096477B /* SshKeyTestApp.swift in Sources */ = {isa = PBXBuildFile; fileRef = 57531118286E10AE0096477B /* SshKeyTestApp.swift */; };
		5753111B286E10AE0096477B /* ContentView.swift in Sources */ = {isa = PBXBuildFile; fileRef = 5753111A286E10AE0096477B /* ContentView.swift */; };
		5753111D286E10B00096477B /* Assets.xcassets in Resources */ = {isa = PBXBuildFile; fileRef = 5753111C286E10B00096477B /* Assets.xcassets */; };
		57531120286E10B00096477B /* Preview Assets.xcassets in Resources */ = {isa = PBXBuildFile; fileRef = 5753111F286E10B00096477B /* Preview Assets.xcassets */; };
		5753112B286E10B00096477B /* SshKeyTestTests.swift in Sources */ = {isa = PBXBuildFile; fileRef = 5753112A286E10B00096477B /* SshKeyTestTests.swift */; };
		57531135286E10B00096477B /* SshKeyTestUITests.swift in Sources */ = {isa = PBXBuildFile; fileRef = 57531134286E10B00096477B /* SshKeyTestUITests.swift */; };
		57531137286E10B00096477B /* SshKeyTestUITestsLaunchTests.swift in Sources */ = {isa = PBXBuildFile; fileRef = 57531136286E10B00096477B /* SshKeyTestUITestsLaunchTests.swift */; };
		5770C4DE286E18E600DDC516 /* Algorithms in Frameworks */ = {isa = PBXBuildFile; productRef = 5770C4DD286E18E600DDC516 /* Algorithms */; };
/* End PBXBuildFile section */

/* Begin PBXContainerItemProxy section */
		57531127286E10B00096477B /* PBXContainerItemProxy */ = {
			isa = PBXContainerItemProxy;
			containerPortal = 5753110D286E10AE0096477B /* Project object */;
			proxyType = 1;
			remoteGlobalIDString = 57531114286E10AE0096477B;
			remoteInfo = SshKeyTest;
		};
		57531131286E10B00096477B /* PBXContainerItemProxy */ = {
			isa = PBXContainerItemProxy;
			containerPortal = 5753110D286E10AE0096477B /* Project object */;
			proxyType = 1;
			remoteGlobalIDString = 57531114286E10AE0096477B;
			remoteInfo = SshKeyTest;
		};
/* End PBXContainerItemProxy section */

/* Begin PBXFileReference section */
		57531115286E10AE0096477B /* SshKeyTest.app */ = {isa = PBXFileReference; explicitFileType = wrapper.application; includeInIndex = 0; path = SshKeyTest.app; sourceTree = BUILT_PRODUCTS_DIR; };
		57531118286E10AE0096477B /* SshKeyTestApp.swift */ = {isa = PBXFileReference; lastKnownFileType = sourcecode.swift; path = SshKeyTestApp.swift; sourceTree = "<group>"; };
		5753111A286E10AE0096477B /* ContentView.swift */ = {isa = PBXFileReference; lastKnownFileType = sourcecode.swift; path = ContentView.swift; sourceTree = "<group>"; };
		5753111C286E10B00096477B /* Assets.xcassets */ = {isa = PBXFileReference; lastKnownFileType = folder.assetcatalog; path = Assets.xcassets; sourceTree = "<group>"; };
		5753111F286E10B00096477B /* Preview Assets.xcassets */ = {isa = PBXFileReference; lastKnownFileType = folder.assetcatalog; path = "Preview Assets.xcassets"; sourceTree = "<group>"; };
		57531121286E10B00096477B /* SshKeyTest.entitlements */ = {isa = PBXFileReference; lastKnownFileType = text.plist.entitlements; path = SshKeyTest.entitlements; sourceTree = "<group>"; };
		57531126286E10B00096477B /* SshKeyTestTests.xctest */ = {isa = PBXFileReference; explicitFileType = wrapper.cfbundle; includeInIndex = 0; path = SshKeyTestTests.xctest; sourceTree = BUILT_PRODUCTS_DIR; };
		5753112A286E10B00096477B /* SshKeyTestTests.swift */ = {isa = PBXFileReference; lastKnownFileType = sourcecode.swift; path = SshKeyTestTests.swift; sourceTree = "<group>"; };
		57531130286E10B00096477B /* SshKeyTestUITests.xctest */ = {isa = PBXFileReference; explicitFileType = wrapper.cfbundle; includeInIndex = 0; path = SshKeyTestUITests.xctest; sourceTree = BUILT_PRODUCTS_DIR; };
		57531134286E10B00096477B /* SshKeyTestUITests.swift */ = {isa = PBXFileReference; lastKnownFileType = sourcecode.swift; path = SshKeyTestUITests.swift; sourceTree = "<group>"; };
		57531136286E10B00096477B /* SshKeyTestUITestsLaunchTests.swift */ = {isa = PBXFileReference; lastKnownFileType = sourcecode.swift; path = SshKeyTestUITestsLaunchTests.swift; sourceTree = "<group>"; };
/* End PBXFileReference section */

/* Begin PBXFrameworksBuildPhase section */
		57531112286E10AE0096477B /* Frameworks */ = {
			isa = PBXFrameworksBuildPhase;
			buildActionMask = 2147483647;
			files = (
				5770C4DE286E18E600DDC516 /* Algorithms in Frameworks */,
			);
			runOnlyForDeploymentPostprocessing = 0;
		};
		57531123286E10B00096477B /* Frameworks */ = {
			isa = PBXFrameworksBuildPhase;
			buildActionMask = 2147483647;
			files = (
			);
			runOnlyForDeploymentPostprocessing = 0;
		};
		5753112D286E10B00096477B /* Frameworks */ = {
			isa = PBXFrameworksBuildPhase;
			buildActionMask = 2147483647;
			files = (
			);
			runOnlyForDeploymentPostprocessing = 0;
		};
/* End PBXFrameworksBuildPhase section */

/* Begin PBXGroup section */
		5753110C286E10AE0096477B = {
			isa = PBXGroup;
			children = (
				57531117286E10AE0096477B /* SshKeyTest */,
				57531129286E10B00096477B /* SshKeyTestTests */,
				57531133286E10B00096477B /* SshKeyTestUITests */,
				57531116286E10AE0096477B /* Products */,
			);
			sourceTree = "<group>";
		};
		57531116286E10AE0096477B /* Products */ = {
			isa = PBXGroup;
			children = (
				57531115286E10AE0096477B /* SshKeyTest.app */,
				57531126286E10B00096477B /* SshKeyTestTests.xctest */,
				57531130286E10B00096477B /* SshKeyTestUITests.xctest */,
			);
			name = Products;
			sourceTree = "<group>";
		};
		57531117286E10AE0096477B /* SshKeyTest */ = {
			isa = PBXGroup;
			children = (
				57531118286E10AE0096477B /* SshKeyTestApp.swift */,
				5753111A286E10AE0096477B /* ContentView.swift */,
				5753111C286E10B00096477B /* Assets.xcassets */,
				57531121286E10B00096477B /* SshKeyTest.entitlements */,
				5753111E286E10B00096477B /* Preview Content */,
			);
			path = SshKeyTest;
			sourceTree = "<group>";
		};
		5753111E286E10B00096477B /* Preview Content */ = {
			isa = PBXGroup;
			children = (
				5753111F286E10B00096477B /* Preview Assets.xcassets */,
			);
			path = "Preview Content";
			sourceTree = "<group>";
		};
		57531129286E10B00096477B /* SshKeyTestTests */ = {
			isa = PBXGroup;
			children = (
				5753112A286E10B00096477B /* SshKeyTestTests.swift */,
			);
			path = SshKeyTestTests;
			sourceTree = "<group>";
		};
		57531133286E10B00096477B /* SshKeyTestUITests */ = {
			isa = PBXGroup;
			children = (
				57531134286E10B00096477B /* SshKeyTestUITests.swift */,
				57531136286E10B00096477B /* SshKeyTestUITestsLaunchTests.swift */,
			);
			path = SshKeyTestUITests;
			sourceTree = "<group>";
		};
/* End PBXGroup section */

/* Begin PBXNativeTarget section */
		57531114286E10AE0096477B /* SshKeyTest */ = {
			isa = PBXNativeTarget;
			buildConfigurationList = 5753113A286E10B00096477B /* Build configuration list for PBXNativeTarget "SshKeyTest" */;
			buildPhases = (
				57531111286E10AE0096477B /* Sources */,
				57531112286E10AE0096477B /* Frameworks */,
				57531113286E10AE0096477B /* Resources */,
			);
			buildRules = (
			);
			dependencies = (
			);
			name = SshKeyTest;
			packageProductDependencies = (
				5770C4DD286E18E600DDC516 /* Algorithms */,
			);
			productName = SshKeyTest;
			productReference = 57531115286E10AE0096477B /* SshKeyTest.app */;
			productType = "com.apple.product-type.application";
		};
		57531125286E10B00096477B /* SshKeyTestTests */ = {
			isa = PBXNativeTarget;
			buildConfigurationList = 5753113D286E10B00096477B /* Build configuration list for PBXNativeTarget "SshKeyTestTests" */;
			buildPhases = (
				57531122286E10B00096477B /* Sources */,
				57531123286E10B00096477B /* Frameworks */,
				57531124286E10B00096477B /* Resources */,
			);
			buildRules = (
			);
			dependencies = (
				57531128286E10B00096477B /* PBXTargetDependency */,
			);
			name = SshKeyTestTests;
			productName = SshKeyTestTests;
			productReference = 57531126286E10B00096477B /* SshKeyTestTests.xctest */;
			productType = "com.apple.product-type.bundle.unit-test";
		};
		5753112F286E10B00096477B /* SshKeyTestUITests */ = {
			isa = PBXNativeTarget;
			buildConfigurationList = 57531140286E10B00096477B /* Build configuration list for PBXNativeTarget "SshKeyTestUITests" */;
			buildPhases = (
				5753112C286E10B00096477B /* Sources */,
				5753112D286E10B00096477B /* Frameworks */,
				5753112E286E10B00096477B /* Resources */,
			);
			buildRules = (
			);
			dependencies = (
				57531132286E10B00096477B /* PBXTargetDependency */,
			);
			name = SshKeyTestUITests;
			productName = SshKeyTestUITests;
			productReference = 57531130286E10B00096477B /* SshKeyTestUITests.xctest */;
			productType = "com.apple.product-type.bundle.ui-testing";
		};
/* End PBXNativeTarget section */

/* Begin PBXProject section */
		5753110D286E10AE0096477B /* Project object */ = {
			isa = PBXProject;
			attributes = {
				BuildIndependentTargetsInParallel = 1;
				LastSwiftUpdateCheck = 1340;
				LastUpgradeCheck = 1340;
				TargetAttributes = {
					57531114286E10AE0096477B = {
						CreatedOnToolsVersion = 13.4.1;
					};
					57531125286E10B00096477B = {
						CreatedOnToolsVersion = 13.4.1;
						TestTargetID = 57531114286E10AE0096477B;
					};
					5753112F286E10B00096477B = {
						CreatedOnToolsVersion = 13.4.1;
						TestTargetID = 57531114286E10AE0096477B;
					};
				};
			};
			buildConfigurationList = 57531110286E10AE0096477B /* Build configuration list for PBXProject "SshKeyTest" */;
			compatibilityVersion = "Xcode 13.0";
			developmentRegion = en;
			hasScannedForEncodings = 0;
			knownRegions = (
				en,
				Base,
			);
			mainGroup = 5753110C286E10AE0096477B;
			packageReferences = (
				5770C4DC286E18E600DDC516 /* XCRemoteSwiftPackageReference "swift-algorithms" */,
			);
			productRefGroup = 57531116286E10AE0096477B /* Products */;
			projectDirPath = "";
			projectRoot = "";
			targets = (
				57531114286E10AE0096477B /* SshKeyTest */,
				57531125286E10B00096477B /* SshKeyTestTests */,
				5753112F286E10B00096477B /* SshKeyTestUITests */,
			);
		};
/* End PBXProject section */

/* Begin PBXResourcesBuildPhase section */
		57531113286E10AE0096477B /* Resources */ = {
			isa = PBXResourcesBuildPhase;
			buildActionMask = 2147483647;
			files = (
				57531120286E10B00096477B /* Preview Assets.xcassets in Resources */,
				5753111D286E10B00096477B /* Assets.xcassets in Resources */,
			);
			runOnlyForDeploymentPostprocessing = 0;
		};
		57531124286E10B00096477B /* Resources */ = {
			isa = PBXResourcesBuildPhase;
			buildActionMask = 2147483647;
			files = (
			);
			runOnlyForDeploymentPostprocessing = 0;
		};
		5753112E286E10B00096477B /* Resources */ = {
			isa = PBXResourcesBuildPhase;
			buildActionMask = 2147483647;
			files = (
			);
			runOnlyForDeploymentPostprocessing = 0;
		};
/* End PBXResourcesBuildPhase section */

/* Begin PBXSourcesBuildPhase section */
		57531111286E10AE0096477B /* Sources */ = {
			isa = PBXSourcesBuildPhase;
			buildActionMask = 2147483647;
			files = (
				5753111B286E10AE0096477B /* ContentView.swift in Sources */,
				57531119286E10AE0096477B /* SshKeyTestApp.swift in Sources */,
			);
			runOnlyForDeploymentPostprocessing = 0;
		};
		57531122286E10B00096477B /* Sources */ = {
			isa = PBXSourcesBuildPhase;
			buildActionMask = 2147483647;
			files = (
				5753112B286E10B00096477B /* SshKeyTestTests.swift in Sources */,
			);
			runOnlyForDeploymentPostprocessing = 0;
		};
		5753112C286E10B00096477B /* Sources */ = {
			isa = PBXSourcesBuildPhase;
			buildActionMask = 2147483647;
			files = (
				57531135286E10B00096477B /* SshKeyTestUITests.swift in Sources */,
				57531137286E10B00096477B /* SshKeyTestUITestsLaunchTests.swift in Sources */,
			);
			runOnlyForDeploymentPostprocessing = 0;
		};
/* End PBXSourcesBuildPhase section */

/* Begin PBXTargetDependency section */
		57531128286E10B00096477B /* PBXTargetDependency */ = {
			isa = PBXTargetDependency;
			target = 57531114286E10AE0096477B /* SshKeyTest */;
			targetProxy = 57531127286E10B00096477B /* PBXContainerItemProxy */;
		};
		57531132286E10B00096477B /* PBXTargetDependency */ = {
			isa = PBXTargetDependency;
			target = 57531114286E10AE0096477B /* SshKeyTest */;
			targetProxy = 57531131286E10B00096477B /* PBXContainerItemProxy */;
		};
/* End PBXTargetDependency section */

/* Begin XCBuildConfiguration section */
		57531138286E10B00096477B /* Debug */ = {
			isa = XCBuildConfiguration;
			buildSettings = {
				ALWAYS_SEARCH_USER_PATHS = NO;
				CLANG_ANALYZER_NONNULL = YES;
				CLANG_ANALYZER_NUMBER_OBJECT_CONVERSION = YES_AGGRESSIVE;
				CLANG_CXX_LANGUAGE_STANDARD = "gnu++17";
				CLANG_ENABLE_MODULES = YES;
				CLANG_ENABLE_OBJC_ARC = YES;
				CLANG_ENABLE_OBJC_WEAK = YES;
				CLANG_WARN_BLOCK_CAPTURE_AUTORELEASING = YES;
				CLANG_WARN_BOOL_CONVERSION = YES;
				CLANG_WARN_COMMA = YES;
				CLANG_WARN_CONSTANT_CONVERSION = YES;
				CLANG_WARN_DEPRECATED_OBJC_IMPLEMENTATIONS = YES;
				CLANG_WARN_DIRECT_OBJC_ISA_USAGE = YES_ERROR;
				CLANG_WARN_DOCUMENTATION_COMMENTS = YES;
				CLANG_WARN_EMPTY_BODY = YES;
				CLANG_WARN_ENUM_CONVERSION = YES;
				CLANG_WARN_INFINITE_RECURSION = YES;
				CLANG_WARN_INT_CONVERSION = YES;
				CLANG_WARN_NON_LITERAL_NULL_CONVERSION = YES;
				CLANG_WARN_OBJC_IMPLICIT_RETAIN_SELF = YES;
				CLANG_WARN_OBJC_LITERAL_CONVERSION = YES;
				CLANG_WARN_OBJC_ROOT_CLASS = YES_ERROR;
				CLANG_WARN_QUOTED_INCLUDE_IN_FRAMEWORK_HEADER = YES;
				CLANG_WARN_RANGE_LOOP_ANALYSIS = YES;
				CLANG_WARN_STRICT_PROTOTYPES = YES;
				CLANG_WARN_SUSPICIOUS_MOVE = YES;
				CLANG_WARN_UNGUARDED_AVAILABILITY = YES_AGGRESSIVE;
				CLANG_WARN_UNREACHABLE_CODE = YES;
				CLANG_WARN__DUPLICATE_METHOD_MATCH = YES;
				COPY_PHASE_STRIP = NO;
				DEBUG_INFORMATION_FORMAT = dwarf;
				ENABLE_STRICT_OBJC_MSGSEND = YES;
				ENABLE_TESTABILITY = YES;
				GCC_C_LANGUAGE_STANDARD = gnu11;
				GCC_DYNAMIC_NO_PIC = NO;
				GCC_NO_COMMON_BLOCKS = YES;
				GCC_OPTIMIZATION_LEVEL = 0;
				GCC_PREPROCESSOR_DEFINITIONS = (
					"DEBUG=1",
					"$(inherited)",
				);
				GCC_WARN_64_TO_32_BIT_CONVERSION = YES;
				GCC_WARN_ABOUT_RETURN_TYPE = YES_ERROR;
				GCC_WARN_UNDECLARED_SELECTOR = YES;
				GCC_WARN_UNINITIALIZED_AUTOS = YES_AGGRESSIVE;
				GCC_WARN_UNUSED_FUNCTION = YES;
				GCC_WARN_UNUSED_VARIABLE = YES;
				MACOSX_DEPLOYMENT_TARGET = 12.2;
				MTL_ENABLE_DEBUG_INFO = INCLUDE_SOURCE;
				MTL_FAST_MATH = YES;
				ONLY_ACTIVE_ARCH = YES;
				SDKROOT = macosx;
				SWIFT_ACTIVE_COMPILATION_CONDITIONS = DEBUG;
				SWIFT_OPTIMIZATION_LEVEL = "-Onone";
			};
			name = Debug;
		};
		57531139286E10B00096477B /* Release */ = {
			isa = XCBuildConfiguration;
			buildSettings = {
				ALWAYS_SEARCH_USER_PATHS = NO;
				CLANG_ANALYZER_NONNULL = YES;
				CLANG_ANALYZER_NUMBER_OBJECT_CONVERSION = YES_AGGRESSIVE;
				CLANG_CXX_LANGUAGE_STANDARD = "gnu++17";
				CLANG_ENABLE_MODULES = YES;
				CLANG_ENABLE_OBJC_ARC = YES;
				CLANG_ENABLE_OBJC_WEAK = YES;
				CLANG_WARN_BLOCK_CAPTURE_AUTORELEASING = YES;
				CLANG_WARN_BOOL_CONVERSION = YES;
				CLANG_WARN_COMMA = YES;
				CLANG_WARN_CONSTANT_CONVERSION = YES;
				CLANG_WARN_DEPRECATED_OBJC_IMPLEMENTATIONS = YES;
				CLANG_WARN_DIRECT_OBJC_ISA_USAGE = YES_ERROR;
				CLANG_WARN_DOCUMENTATION_COMMENTS = YES;
				CLANG_WARN_EMPTY_BODY = YES;
				CLANG_WARN_ENUM_CONVERSION = YES;
				CLANG_WARN_INFINITE_RECURSION = YES;
				CLANG_WARN_INT_CONVERSION = YES;
				CLANG_WARN_NON_LITERAL_NULL_CONVERSION = YES;
				CLANG_WARN_OBJC_IMPLICIT_RETAIN_SELF = YES;
				CLANG_WARN_OBJC_LITERAL_CONVERSION = YES;
				CLANG_WARN_OBJC_ROOT_CLASS = YES_ERROR;
				CLANG_WARN_QUOTED_INCLUDE_IN_FRAMEWORK_HEADER = YES;
				CLANG_WARN_RANGE_LOOP_ANALYSIS = YES;
				CLANG_WARN_STRICT_PROTOTYPES = YES;
				CLANG_WARN_SUSPICIOUS_MOVE = YES;
				CLANG_WARN_UNGUARDED_AVAILABILITY = YES_AGGRESSIVE;
				CLANG_WARN_UNREACHABLE_CODE = YES;
				CLANG_WARN__DUPLICATE_METHOD_MATCH = YES;
				COPY_PHASE_STRIP = NO;
				DEBUG_INFORMATION_FORMAT = "dwarf-with-dsym";
				ENABLE_NS_ASSERTIONS = NO;
				ENABLE_STRICT_OBJC_MSGSEND = YES;
				GCC_C_LANGUAGE_STANDARD = gnu11;
				GCC_NO_COMMON_BLOCKS = YES;
				GCC_WARN_64_TO_32_BIT_CONVERSION = YES;
				GCC_WARN_ABOUT_RETURN_TYPE = YES_ERROR;
				GCC_WARN_UNDECLARED_SELECTOR = YES;
				GCC_WARN_UNINITIALIZED_AUTOS = YES_AGGRESSIVE;
				GCC_WARN_UNUSED_FUNCTION = YES;
				GCC_WARN_UNUSED_VARIABLE = YES;
				MACOSX_DEPLOYMENT_TARGET = 12.2;
				MTL_ENABLE_DEBUG_INFO = NO;
				MTL_FAST_MATH = YES;
				SDKROOT = macosx;
				SWIFT_COMPILATION_MODE = wholemodule;
				SWIFT_OPTIMIZATION_LEVEL = "-O";
			};
			name = Release;
		};
		5753113B286E10B00096477B /* Debug */ = {
			isa = XCBuildConfiguration;
			buildSettings = {
				ASSETCATALOG_COMPILER_APPICON_NAME = AppIcon;
				ASSETCATALOG_COMPILER_GLOBAL_ACCENT_COLOR_NAME = AccentColor;
				CODE_SIGN_ENTITLEMENTS = SshKeyTest/SshKeyTest.entitlements;
				CODE_SIGN_STYLE = Automatic;
				COMBINE_HIDPI_IMAGES = YES;
				CURRENT_PROJECT_VERSION = 1;
				DEVELOPMENT_ASSET_PATHS = "\"SshKeyTest/Preview Content\"";
				ENABLE_PREVIEWS = YES;
				GENERATE_INFOPLIST_FILE = YES;
				INFOPLIST_KEY_NSHumanReadableCopyright = "";
				LD_RUNPATH_SEARCH_PATHS = (
					"$(inherited)",
					"@executable_path/../Frameworks",
				);
				MARKETING_VERSION = 1.0;
				PRODUCT_BUNDLE_IDENTIFIER = com.jetbrains.SshKeyTest;
				PRODUCT_NAME = "$(TARGET_NAME)";
				SWIFT_EMIT_LOC_STRINGS = YES;
				SWIFT_VERSION = 5.0;
			};
			name = Debug;
		};
		5753113C286E10B00096477B /* Release */ = {
			isa = XCBuildConfiguration;
			buildSettings = {
				ASSETCATALOG_COMPILER_APPICON_NAME = AppIcon;
				ASSETCATALOG_COMPILER_GLOBAL_ACCENT_COLOR_NAME = AccentColor;
				CODE_SIGN_ENTITLEMENTS = SshKeyTest/SshKeyTest.entitlements;
				CODE_SIGN_STYLE = Automatic;
				COMBINE_HIDPI_IMAGES = YES;
				CURRENT_PROJECT_VERSION = 1;
				DEVELOPMENT_ASSET_PATHS = "\"SshKeyTest/Preview Content\"";
				ENABLE_PREVIEWS = YES;
				GENERATE_INFOPLIST_FILE = YES;
				INFOPLIST_KEY_NSHumanReadableCopyright = "";
				LD_RUNPATH_SEARCH_PATHS = (
					"$(inherited)",
					"@executable_path/../Frameworks",
				);
				MARKETING_VERSION = 1.0;
				PRODUCT_BUNDLE_IDENTIFIER = com.jetbrains.SshKeyTest;
				PRODUCT_NAME = "$(TARGET_NAME)";
				SWIFT_EMIT_LOC_STRINGS = YES;
				SWIFT_VERSION = 5.0;
			};
			name = Release;
		};
		5753113E286E10B00096477B /* Debug */ = {
			isa = XCBuildConfiguration;
			buildSettings = {
				ALWAYS_EMBED_SWIFT_STANDARD_LIBRARIES = YES;
				BUNDLE_LOADER = "$(TEST_HOST)";
				CODE_SIGN_STYLE = Automatic;
				CURRENT_PROJECT_VERSION = 1;
				GENERATE_INFOPLIST_FILE = YES;
				MACOSX_DEPLOYMENT_TARGET = 12.2;
				MARKETING_VERSION = 1.0;
				PRODUCT_BUNDLE_IDENTIFIER = com.jetbrains.SshKeyTestTests;
				PRODUCT_NAME = "$(TARGET_NAME)";
				SWIFT_EMIT_LOC_STRINGS = NO;
				SWIFT_VERSION = 5.0;
				TEST_HOST = "$(BUILT_PRODUCTS_DIR)/SshKeyTest.app/Contents/MacOS/SshKeyTest";
			};
			name = Debug;
		};
		5753113F286E10B00096477B /* Release */ = {
			isa = XCBuildConfiguration;
			buildSettings = {
				ALWAYS_EMBED_SWIFT_STANDARD_LIBRARIES = YES;
				BUNDLE_LOADER = "$(TEST_HOST)";
				CODE_SIGN_STYLE = Automatic;
				CURRENT_PROJECT_VERSION = 1;
				GENERATE_INFOPLIST_FILE = YES;
				MACOSX_DEPLOYMENT_TARGET = 12.2;
				MARKETING_VERSION = 1.0;
				PRODUCT_BUNDLE_IDENTIFIER = com.jetbrains.SshKeyTestTests;
				PRODUCT_NAME = "$(TARGET_NAME)";
				SWIFT_EMIT_LOC_STRINGS = NO;
				SWIFT_VERSION = 5.0;
				TEST_HOST = "$(BUILT_PRODUCTS_DIR)/SshKeyTest.app/Contents/MacOS/SshKeyTest";
			};
			name = Release;
		};
		57531141286E10B00096477B /* Debug */ = {
			isa = XCBuildConfiguration;
			buildSettings = {
				ALWAYS_EMBED_SWIFT_STANDARD_LIBRARIES = YES;
				CODE_SIGN_STYLE = Automatic;
				CURRENT_PROJECT_VERSION = 1;
				GENERATE_INFOPLIST_FILE = YES;
				MARKETING_VERSION = 1.0;
				PRODUCT_BUNDLE_IDENTIFIER = com.jetbrains.SshKeyTestUITests;
				PRODUCT_NAME = "$(TARGET_NAME)";
				SWIFT_EMIT_LOC_STRINGS = NO;
				SWIFT_VERSION = 5.0;
				TEST_TARGET_NAME = SshKeyTest;
			};
			name = Debug;
		};
		57531142286E10B00096477B /* Release */ = {
			isa = XCBuildConfiguration;
			buildSettings = {
				ALWAYS_EMBED_SWIFT_STANDARD_LIBRARIES = YES;
				CODE_SIGN_STYLE = Automatic;
				CURRENT_PROJECT_VERSION = 1;
				GENERATE_INFOPLIST_FILE = YES;
				MARKETING_VERSION = 1.0;
				PRODUCT_BUNDLE_IDENTIFIER = com.jetbrains.SshKeyTestUITests;
				PRODUCT_NAME = "$(TARGET_NAME)";
				SWIFT_EMIT_LOC_STRINGS = NO;
				SWIFT_VERSION = 5.0;
				TEST_TARGET_NAME = SshKeyTest;
			};
			name = Release;
		};
/* End XCBuildConfiguration section */

/* Begin XCConfigurationList section */
		57531110286E10AE0096477B /* Build configuration list for PBXProject "SshKeyTest" */ = {
			isa = XCConfigurationList;
			buildConfigurations = (
				57531138286E10B00096477B /* Debug */,
				57531139286E10B00096477B /* Release */,
			);
			defaultConfigurationIsVisible = 0;
			defaultConfigurationName = Release;
		};
		5753113A286E10B00096477B /* Build configuration list for PBXNativeTarget "SshKeyTest" */ = {
			isa = XCConfigurationList;
			buildConfigurations = (
				5753113B286E10B00096477B /* Debug */,
				5753113C286E10B00096477B /* Release */,
			);
			defaultConfigurationIsVisible = 0;
			defaultConfigurationName = Release;
		};
		5753113D286E10B00096477B /* Build configuration list for PBXNativeTarget "SshKeyTestTests" */ = {
			isa = XCConfigurationList;
			buildConfigurations = (
				5753113E286E10B00096477B /* Debug */,
				5753113F286E10B00096477B /* Release */,
			);
			defaultConfigurationIsVisible = 0;
			defaultConfigurationName = Release;
		};
		57531140286E10B00096477B /* Build configuration list for PBXNativeTarget "SshKeyTestUITests" */ = {
			isa = XCConfigurationList;
			buildConfigurations = (
				57531141286E10B00096477B /* Debug */,
				57531142286E10B00096477B /* Release */,
			);
			defaultConfigurationIsVisible = 0;
			defaultConfigurationName = Release;
		};
/* End XCConfigurationList section */

/* Begin XCRemoteSwiftPackageReference section */
		5770C4DC286E18E600DDC516 /* XCRemoteSwiftPackageReference "swift-algorithms" */ = {
			isa = XCRemoteSwiftPackageReference;
			repositoryURL = "https://github.com/apple/swift-algorithms.git";
			requirement = {
				kind = upToNextMajorVersion;
				minimumVersion = 1.0.0;
			};
		};
/* End XCRemoteSwiftPackageReference section */

/* Begin XCSwiftPackageProductDependency section */
		5770C4DD286E18E600DDC516 /* Algorithms */ = {
			isa = XCSwiftPackageProductDependency;
			package = 5770C4DC286E18E600DDC516 /* XCRemoteSwiftPackageReference "swift-algorithms" */;
			productName = Algorithms;
		};
/* End XCSwiftPackageProductDependency section */
	};
	rootObject = 5753110D286E10AE0096477B /* Project object */;
}
